
Microsoft Visual Studio Solution File, Format Version 12.00
# Visual Studio Version 16
VisualStudioVersion = 16.0.34031.81
MinimumVisualStudioVersion = 10.0.40219.1
Project("{2150E333-8FDC-42A3-9474-1A3956D46DE8}") = "Task0", "Task0", "{CA1F3AA0-7E88-4674-A2FE-94AB7BD118C1}"
EndProject
Project("{FAE04EC0-301F-11D3-BF4B-00C04F79EFBC}") = "Tyuiu.VladimirovMA.Sprint0.Task0.V0", "Tyuiu.VladimirovMA.Sprint0.Task0.V0\Tyuiu.VladimirovMA.Sprint0.Task0.V0.csproj", "{B7819270-2481-409A-9B1C-62CF0C621953}"
EndProject
Project("{2150E333-8FDC-42A3-9474-1A3956D46DE8}") = "Task1", "Task1", "{8FB648FA-7160-4701-9C08-0C8BC6F21195}"
EndProject
Project("{FAE04EC0-301F-11D3-BF4B-00C04F79EFBC}") = "Tyuiu.VladimirovMA.Sprint0.Task1.V0", "Tyuiu.VladimirovMA.Sprint0.Task1.V0\Tyuiu.VladimirovMA.Sprint0.Task1.V0.csproj", "{6BA740E3-08EC-4B24-989F-85402D126C65}"
EndProject
Project("{2150E333-8FDC-42A3-9474-1A3956D46DE8}") = "Task2", "Task2", "{AFDADBA1-BEF6-427F-846F-5C427F5B400B}"
EndProject
Project("{FAE04EC0-301F-11D3-BF4B-00C04F79EFBC}") = "Tyuiui.VladimirovMA.Sprint0.Task2.V0", "Tyuiui.VladimirovMA.Sprint0.Task2.V0\Tyuiui.VladimirovMA.Sprint0.Task2.V0.csproj", "{68BB6D6A-6775-49AE-8831-73C5F3EEEA17}"
EndProject
Project("{FAE04EC0-301F-11D3-BF4B-00C04F79EFBC}") = "Tyuiu.VladimirovMA.Sprint0.Task2.V0.Lib", "Tyuiu.VladimirovMA.Sprint0.Task2.V0.Lib\Tyuiu.VladimirovMA.Sprint0.Task2.V0.Lib.csproj", "{A13F44B9-2117-4B2B-B83E-59E26AAE780F}"
EndProject
Project("{FAE04EC0-301F-11D3-BF4B-00C04F79EFBC}") = "Tyuiu.VladimirovMA.Sprint0.Task2.V0.Test", "Tyuiu.VladimirovMA.Sprint0.Task2.V0.Test\Tyuiu.VladimirovMA.Sprint0.Task2.V0.Test.csproj", "{F73E421D-FD31-4AD9-84A3-08943916A3FE}"
EndProject
Project("{2150E333-8FDC-42A3-9474-1A3956D46DE8}") = "Task3", "Task3", "{F1A2BDA9-CF1D-45A1-A95A-71C208401EAF}"
EndProject
Project("{FAE04EC0-301F-11D3-BF4B-00C04F79EFBC}") = "Tyuiu.VladimirovMA.Sprint0.Task3.V0", "Tyuiu.VladimirovMA.Sprint0.Task3.V0\Tyuiu.VladimirovMA.Sprint0.Task3.V0.csproj", "{9227ECA9-4100-4A0C-9F5F-059D9B87DB4D}"
EndProject
Project("{FAE04EC0-301F-11D3-BF4B-00C04F79EFBC}") = "Tyuiu.VladimirovMA.Sprint0.Task3.V0.Test", "Tyuiu.VladimirovMA.Sprint0.Task3.Test\Tyuiu.VladimirovMA.Sprint0.Task3.V0.Test.csproj", "{5737A7BC-CE70-436D-A0BC-FB3A3FBD0961}"
EndProject
Project("{FAE04EC0-301F-11D3-BF4B-00C04F79EFBC}") = "Tyuiu.VladimirovMA.Sprint0.Task3.V0.Lib", "Tyuiu.VladimirovMA.Sprint0.Task3.V0.Lib\Tyuiu.VladimirovMA.Sprint0.Task3.V0.Lib.csproj", "{179925C6-9339-4F16-897C-A191AB889356}"
EndProject
Project("{2150E333-8FDC-42A3-9474-1A3956D46DE8}") = "Task4", "Task4", "{31001F9B-1103-4A66-B4B4-80BC8DC346AB}"
EndProject
Project("{FAE04EC0-301F-11D3-BF4B-00C04F79EFBC}") = "Tyuiu.VladimirovMA.Sprint0.Task4.V0", "Tyuiu.VladimirovMA.Sprint0.Task4.V0\Tyuiu.VladimirovMA.Sprint0.Task4.V0.csproj", "{0E5F183F-37FF-45A1-B849-2C3DD7CA45EE}"
EndProject
Project("{FAE04EC0-301F-11D3-BF4B-00C04F79EFBC}") = "Tyuiu.VladimirovMA.Sprint0.Task4.V0.Lib", "Tyuiu.VladimirovMA.Sprint0.Task4.V0.Lib\Tyuiu.VladimirovMA.Sprint0.Task4.V0.Lib.csproj", "{F153EE25-1574-4E08-BFB5-D192D8D37C16}"
EndProject
Project("{FAE04EC0-301F-11D3-BF4B-00C04F79EFBC}") = "Tyuiu.VladimirovMA.Sprint0.Task4.V0.Test", "Tyuiu.VladimirovMA.Sprint0.Task4.V0.Test\Tyuiu.VladimirovMA.Sprint0.Task4.V0.Test.csproj", "{F860B8EF-A72D-452B-86BE-1ABD6A0F2E36}"
EndProject
Project("{2150E333-8FDC-42A3-9474-1A3956D46DE8}") = "Task5", "Task5", "{42499D22-7161-465C-BE99-366DBA78F97A}"
EndProject
Project("{FAE04EC0-301F-11D3-BF4B-00C04F79EFBC}") = "tyuiu.VladimirovMA.Sprint0.Task5.V0", "tyuiu.VladimirovMA.Sprint0.Task5.V0\tyuiu.VladimirovMA.Sprint0.Task5.V0.csproj", "{D2A77138-B96F-4F7F-BAB5-FB4DBDF45FBF}"
EndProject
Project("{FAE04EC0-301F-11D3-BF4B-00C04F79EFBC}") = "Tyuiu.VladimirovMA.Sprint0.Task5.V0.Test", "Tyuiu.VladimirovMA.Sprint0.Task5.V0.Test\Tyuiu.VladimirovMA.Sprint0.Task5.V0.Test.csproj", "{E240CD21-F61A-49D4-9E8D-0B7049CCDF30}"
EndProject
Project("{FAE04EC0-301F-11D3-BF4B-00C04F79EFBC}") = "Tyuiu.VladimirovMA.Sprint0.Task5.V0.Lib", "Tyuiu.VladimirovMA.Sprint0.Task5.V0.Lib\Tyuiu.VladimirovMA.Sprint0.Task5.V0.Lib.csproj", "{22A191BC-8884-40BE-9F9B-0E9B94C50A29}"
EndProject
Project("{2150E333-8FDC-42A3-9474-1A3956D46DE8}") = "Task6", "Task6", "{49951C08-4E1D-4A51-8486-07452FC0A92F}"
EndProject
Project("{FAE04EC0-301F-11D3-BF4B-00C04F79EFBC}") = "Tyuiu.VladimirovMa.Sprint0.Task6.V0", "Tyuiu.VladimirovMa.Sprint0.Task6.V0\Tyuiu.VladimirovMa.Sprint0.Task6.V0.csproj", "{525333BE-87FD-4A14-A6DA-BE874A5D71D0}"
EndProject
Project("{FAE04EC0-301F-11D3-BF4B-00C04F79EFBC}") = "Tyuiu.VladimirovMA.Sprint0.Task6.V0.Lib", "Tyuiu.VladimirovMA.Sprint0.Task6.V0.Lib\Tyuiu.VladimirovMA.Sprint0.Task6.V0.Lib.csproj", "{A00DA214-4AB7-4300-A1F5-4798C5A820D8}"
EndProject
Project("{FAE04EC0-301F-11D3-BF4B-00C04F79EFBC}") = "Tyuiu.VladimirovMa.Sprint0.Task6.V0.Test", "Tyuiu.VladimirovMa.Sprint0.Task6.V0.Test\Tyuiu.VladimirovMa.Sprint0.Task6.V0.Test.csproj", "{F29A30BC-170E-4F3C-BE60-2AA50D89DFD4}"
EndProject
Global
	GlobalSection(SolutionConfigurationPlatforms) = preSolution
		Debug|Any CPU = Debug|Any CPU
		Release|Any CPU = Release|Any CPU
	EndGlobalSection
	GlobalSection(ProjectConfigurationPlatforms) = postSolution
		{B7819270-2481-409A-9B1C-62CF0C621953}.Debug|Any CPU.ActiveCfg = Debug|Any CPU
		{B7819270-2481-409A-9B1C-62CF0C621953}.Debug|Any CPU.Build.0 = Debug|Any CPU
		{B7819270-2481-409A-9B1C-62CF0C621953}.Release|Any CPU.ActiveCfg = Release|Any CPU
		{B7819270-2481-409A-9B1C-62CF0C621953}.Release|Any CPU.Build.0 = Release|Any CPU
		{6BA740E3-08EC-4B24-989F-85402D126C65}.Debug|Any CPU.ActiveCfg = Debug|Any CPU
		{6BA740E3-08EC-4B24-989F-85402D126C65}.Debug|Any CPU.Build.0 = Debug|Any CPU
		{6BA740E3-08EC-4B24-989F-85402D126C65}.Release|Any CPU.ActiveCfg = Release|Any CPU
		{6BA740E3-08EC-4B24-989F-85402D126C65}.Release|Any CPU.Build.0 = Release|Any CPU
		{68BB6D6A-6775-49AE-8831-73C5F3EEEA17}.Debug|Any CPU.ActiveCfg = Debug|Any CPU
		{68BB6D6A-6775-49AE-8831-73C5F3EEEA17}.Debug|Any CPU.Build.0 = Debug|Any CPU
		{68BB6D6A-6775-49AE-8831-73C5F3EEEA17}.Release|Any CPU.ActiveCfg = Release|Any CPU
		{68BB6D6A-6775-49AE-8831-73C5F3EEEA17}.Release|Any CPU.Build.0 = Release|Any CPU
		{A13F44B9-2117-4B2B-B83E-59E26AAE780F}.Debug|Any CPU.ActiveCfg = Debug|Any CPU
		{A13F44B9-2117-4B2B-B83E-59E26AAE780F}.Debug|Any CPU.Build.0 = Debug|Any CPU
		{A13F44B9-2117-4B2B-B83E-59E26AAE780F}.Release|Any CPU.ActiveCfg = Release|Any CPU
		{A13F44B9-2117-4B2B-B83E-59E26AAE780F}.Release|Any CPU.Build.0 = Release|Any CPU
		{F73E421D-FD31-4AD9-84A3-08943916A3FE}.Debug|Any CPU.ActiveCfg = Debug|Any CPU
		{F73E421D-FD31-4AD9-84A3-08943916A3FE}.Debug|Any CPU.Build.0 = Debug|Any CPU
		{F73E421D-FD31-4AD9-84A3-08943916A3FE}.Release|Any CPU.ActiveCfg = Release|Any CPU
		{F73E421D-FD31-4AD9-84A3-08943916A3FE}.Release|Any CPU.Build.0 = Release|Any CPU
		{9227ECA9-4100-4A0C-9F5F-059D9B87DB4D}.Debug|Any CPU.ActiveCfg = Debug|Any CPU
		{9227ECA9-4100-4A0C-9F5F-059D9B87DB4D}.Debug|Any CPU.Build.0 = Debug|Any CPU
		{9227ECA9-4100-4A0C-9F5F-059D9B87DB4D}.Release|Any CPU.ActiveCfg = Release|Any CPU
		{9227ECA9-4100-4A0C-9F5F-059D9B87DB4D}.Release|Any CPU.Build.0 = Release|Any CPU
		{5737A7BC-CE70-436D-A0BC-FB3A3FBD0961}.Debug|Any CPU.ActiveCfg = Debug|Any CPU
		{5737A7BC-CE70-436D-A0BC-FB3A3FBD0961}.Debug|Any CPU.Build.0 = Debug|Any CPU
		{5737A7BC-CE70-436D-A0BC-FB3A3FBD0961}.Release|Any CPU.ActiveCfg = Release|Any CPU
		{5737A7BC-CE70-436D-A0BC-FB3A3FBD0961}.Release|Any CPU.Build.0 = Release|Any CPU
		{179925C6-9339-4F16-897C-A191AB889356}.Debug|Any CPU.ActiveCfg = Debug|Any CPU
		{179925C6-9339-4F16-897C-A191AB889356}.Debug|Any CPU.Build.0 = Debug|Any CPU
		{179925C6-9339-4F16-897C-A191AB889356}.Release|Any CPU.ActiveCfg = Release|Any CPU
		{179925C6-9339-4F16-897C-A191AB889356}.Release|Any CPU.Build.0 = Release|Any CPU
		{0E5F183F-37FF-45A1-B849-2C3DD7CA45EE}.Debug|Any CPU.ActiveCfg = Debug|Any CPU
		{0E5F183F-37FF-45A1-B849-2C3DD7CA45EE}.Debug|Any CPU.Build.0 = Debug|Any CPU
		{0E5F183F-37FF-45A1-B849-2C3DD7CA45EE}.Release|Any CPU.ActiveCfg = Release|Any CPU
		{0E5F183F-37FF-45A1-B849-2C3DD7CA45EE}.Release|Any CPU.Build.0 = Release|Any CPU
		{F153EE25-1574-4E08-BFB5-D192D8D37C16}.Debug|Any CPU.ActiveCfg = Debug|Any CPU
		{F153EE25-1574-4E08-BFB5-D192D8D37C16}.Debug|Any CPU.Build.0 = Debug|Any CPU
		{F153EE25-1574-4E08-BFB5-D192D8D37C16}.Release|Any CPU.ActiveCfg = Release|Any CPU
		{F153EE25-1574-4E08-BFB5-D192D8D37C16}.Release|Any CPU.Build.0 = Release|Any CPU
		{F860B8EF-A72D-452B-86BE-1ABD6A0F2E36}.Debug|Any CPU.ActiveCfg = Debug|Any CPU
		{F860B8EF-A72D-452B-86BE-1ABD6A0F2E36}.Debug|Any CPU.Build.0 = Debug|Any CPU
		{F860B8EF-A72D-452B-86BE-1ABD6A0F2E36}.Release|Any CPU.ActiveCfg = Release|Any CPU
		{F860B8EF-A72D-452B-86BE-1ABD6A0F2E36}.Release|Any CPU.Build.0 = Release|Any CPU
		{D2A77138-B96F-4F7F-BAB5-FB4DBDF45FBF}.Debug|Any CPU.ActiveCfg = Debug|Any CPU
		{D2A77138-B96F-4F7F-BAB5-FB4DBDF45FBF}.Debug|Any CPU.Build.0 = Debug|Any CPU
		{D2A77138-B96F-4F7F-BAB5-FB4DBDF45FBF}.Release|Any CPU.ActiveCfg = Release|Any CPU
		{D2A77138-B96F-4F7F-BAB5-FB4DBDF45FBF}.Release|Any CPU.Build.0 = Release|Any CPU
		{E240CD21-F61A-49D4-9E8D-0B7049CCDF30}.Debug|Any CPU.ActiveCfg = Debug|Any CPU
		{E240CD21-F61A-49D4-9E8D-0B7049CCDF30}.Debug|Any CPU.Build.0 = Debug|Any CPU
		{E240CD21-F61A-49D4-9E8D-0B7049CCDF30}.Release|Any CPU.ActiveCfg = Release|Any CPU
		{E240CD21-F61A-49D4-9E8D-0B7049CCDF30}.Release|Any CPU.Build.0 = Release|Any CPU
		{22A191BC-8884-40BE-9F9B-0E9B94C50A29}.Debug|Any CPU.ActiveCfg = Debug|Any CPU
		{22A191BC-8884-40BE-9F9B-0E9B94C50A29}.Debug|Any CPU.Build.0 = Debug|Any CPU
		{22A191BC-8884-40BE-9F9B-0E9B94C50A29}.Release|Any CPU.ActiveCfg = Release|Any CPU
		{22A191BC-8884-40BE-9F9B-0E9B94C50A29}.Release|Any CPU.Build.0 = Release|Any CPU
		{525333BE-87FD-4A14-A6DA-BE874A5D71D0}.Debug|Any CPU.ActiveCfg = Debug|Any CPU
		{525333BE-87FD-4A14-A6DA-BE874A5D71D0}.Debug|Any CPU.Build.0 = Debug|Any CPU
		{525333BE-87FD-4A14-A6DA-BE874A5D71D0}.Release|Any CPU.ActiveCfg = Release|Any CPU
		{525333BE-87FD-4A14-A6DA-BE874A5D71D0}.Release|Any CPU.Build.0 = Release|Any CPU
		{A00DA214-4AB7-4300-A1F5-4798C5A820D8}.Debug|Any CPU.ActiveCfg = Debug|Any CPU
		{A00DA214-4AB7-4300-A1F5-4798C5A820D8}.Debug|Any CPU.Build.0 = Debug|Any CPU
		{A00DA214-4AB7-4300-A1F5-4798C5A820D8}.Release|Any CPU.ActiveCfg = Release|Any CPU
		{A00DA214-4AB7-4300-A1F5-4798C5A820D8}.Release|Any CPU.Build.0 = Release|Any CPU
		{F29A30BC-170E-4F3C-BE60-2AA50D89DFD4}.Debug|Any CPU.ActiveCfg = Debug|Any CPU
		{F29A30BC-170E-4F3C-BE60-2AA50D89DFD4}.Debug|Any CPU.Build.0 = Debug|Any CPU
		{F29A30BC-170E-4F3C-BE60-2AA50D89DFD4}.Release|Any CPU.ActiveCfg = Release|Any CPU
		{F29A30BC-170E-4F3C-BE60-2AA50D89DFD4}.Release|Any CPU.Build.0 = Release|Any CPU
	EndGlobalSection
	GlobalSection(SolutionProperties) = preSolution
		HideSolutionNode = FALSE
	EndGlobalSection
	GlobalSection(NestedProjects) = preSolution
		{B7819270-2481-409A-9B1C-62CF0C621953} = {CA1F3AA0-7E88-4674-A2FE-94AB7BD118C1}
		{6BA740E3-08EC-4B24-989F-85402D126C65} = {8FB648FA-7160-4701-9C08-0C8BC6F21195}
		{68BB6D6A-6775-49AE-8831-73C5F3EEEA17} = {AFDADBA1-BEF6-427F-846F-5C427F5B400B}
		{A13F44B9-2117-4B2B-B83E-59E26AAE780F} = {AFDADBA1-BEF6-427F-846F-5C427F5B400B}
		{F73E421D-FD31-4AD9-84A3-08943916A3FE} = {AFDADBA1-BEF6-427F-846F-5C427F5B400B}
		{9227ECA9-4100-4A0C-9F5F-059D9B87DB4D} = {F1A2BDA9-CF1D-45A1-A95A-71C208401EAF}
		{5737A7BC-CE70-436D-A0BC-FB3A3FBD0961} = {F1A2BDA9-CF1D-45A1-A95A-71C208401EAF}
		{179925C6-9339-4F16-897C-A191AB889356} = {F1A2BDA9-CF1D-45A1-A95A-71C208401EAF}
		{0E5F183F-37FF-45A1-B849-2C3DD7CA45EE} = {31001F9B-1103-4A66-B4B4-80BC8DC346AB}
		{F153EE25-1574-4E08-BFB5-D192D8D37C16} = {31001F9B-1103-4A66-B4B4-80BC8DC346AB}
		{F860B8EF-A72D-452B-86BE-1ABD6A0F2E36} = {31001F9B-1103-4A66-B4B4-80BC8DC346AB}
		{D2A77138-B96F-4F7F-BAB5-FB4DBDF45FBF} = {42499D22-7161-465C-BE99-366DBA78F97A}
		{E240CD21-F61A-49D4-9E8D-0B7049CCDF30} = {42499D22-7161-465C-BE99-366DBA78F97A}
		{22A191BC-8884-40BE-9F9B-0E9B94C50A29} = {42499D22-7161-465C-BE99-366DBA78F97A}
		{525333BE-87FD-4A14-A6DA-BE874A5D71D0} = {49951C08-4E1D-4A51-8486-07452FC0A92F}
		{A00DA214-4AB7-4300-A1F5-4798C5A820D8} = {49951C08-4E1D-4A51-8486-07452FC0A92F}
		{F29A30BC-170E-4F3C-BE60-2AA50D89DFD4} = {49951C08-4E1D-4A51-8486-07452FC0A92F}
	EndGlobalSection
	GlobalSection(ExtensibilityGlobals) = postSolution
		SolutionGuid = {92187EFB-A53A-4A46-B31B-A382D632AA89}
	EndGlobalSection
EndGlobal
